// !$*UTF8*$!
{
	archiveVersion = 1;
	classes = {
	};
	objectVersion = 77;
	objects = {

/* Begin PBXContainerItemProxy section */
		BC5A84172E460AE2008C7792 /* PBXContainerItemProxy */ = {
			isa = PBXContainerItemProxy;
			containerPortal = BC5A83FE2E460ADF008C7792 /* Project object */;
			proxyType = 1;
			remoteGlobalIDString = BC5A84052E460ADF008C7792;
			remoteInfo = RGBGuessGame;
		};
		BC5A84212E460AE2008C7792 /* PBXContainerItemProxy */ = {
			isa = PBXContainerItemProxy;
			containerPortal = BC5A83FE2E460ADF008C7792 /* Project object */;
			proxyType = 1;
			remoteGlobalIDString = BC5A84052E460ADF008C7792;
			remoteInfo = RGBGuessGame;
		};
/* End PBXContainerItemProxy section */

/* Begin PBXFileReference section */
		BC5A84062E460ADF008C7792 /* RGBGuessGame.app */ = {isa = PBXFileReference; explicitFileType = wrapper.application; includeInIndex = 0; path = RGBGuessGame.app; sourceTree = BUILT_PRODUCTS_DIR; };
		BC5A84162E460AE2008C7792 /* RGBGuessGameTests.xctest */ = {isa = PBXFileReference; explicitFileType = wrapper.cfbundle; includeInIndex = 0; path = RGBGuessGameTests.xctest; sourceTree = BUILT_PRODUCTS_DIR; };
		BC5A84202E460AE2008C7792 /* RGBGuessGameUITests.xctest */ = {isa = PBXFileReference; explicitFileType = wrapper.cfbundle; includeInIndex = 0; path = RGBGuessGameUITests.xctest; sourceTree = BUILT_PRODUCTS_DIR; };
/* End PBXFileReference section */

/* Begin PBXFileSystemSynchronizedRootGroup section */
		BC5A84082E460ADF008C7792 /* RGBGuessGame */ = {
			isa = PBXFileSystemSynchronizedRootGroup;
			path = RGBGuessGame;
			sourceTree = "<group>";
		};
		BC5A84192E460AE2008C7792 /* RGBGuessGameTests */ = {
			isa = PBXFileSystemSynchronizedRootGroup;
			path = RGBGuessGameTests;
			sourceTree = "<group>";
		};
		BC5A84232E460AE2008C7792 /* RGBGuessGameUITests */ = {
			isa = PBXFileSystemSynchronizedRootGroup;
			path = RGBGuessGameUITests;
			sourceTree = "<group>";
		};
/* End PBXFileSystemSynchronizedRootGroup section */

/* Begin PBXFrameworksBuildPhase section */
		BC5A84032E460ADF008C7792 /* Frameworks */ = {
			isa = PBXFrameworksBuildPhase;
			buildActionMask = 2147483647;
			files = (
			);
			runOnlyForDeploymentPostprocessing = 0;
		};
		BC5A84132E460AE2008C7792 /* Frameworks */ = {
			isa = PBXFrameworksBuildPhase;
			buildActionMask = 2147483647;
			files = (
			);
			runOnlyForDeploymentPostprocessing = 0;
		};
		BC5A841D2E460AE2008C7792 /* Frameworks */ = {
			isa = PBXFrameworksBuildPhase;
			buildActionMask = 2147483647;
			files = (
			);
			runOnlyForDeploymentPostprocessing = 0;
		};
/* End PBXFrameworksBuildPhase section */

/* Begin PBXGroup section */
		BC5A83FD2E460ADF008C7792 = {
			isa = PBXGroup;
			children = (
				BC5A84082E460ADF008C7792 /* RGBGuessGame */,
				BC5A84192E460AE2008C7792 /* RGBGuessGameTests */,
				BC5A84232E460AE2008C7792 /* RGBGuessGameUITests */,
				BC5A84072E460ADF008C7792 /* Products */,
			);
			sourceTree = "<group>";
		};
		BC5A84072E460ADF008C7792 /* Products */ = {
			isa = PBXGroup;
			children = (
				BC5A84062E460ADF008C7792 /* RGBGuessGame.app */,
				BC5A84162E460AE2008C7792 /* RGBGuessGameTests.xctest */,
				BC5A84202E460AE2008C7792 /* RGBGuessGameUITests.xctest */,
			);
			name = Products;
			sourceTree = "<group>";
		};
/* End PBXGroup section */

/* Begin PBXNativeTarget section */
		BC5A84052E460ADF008C7792 /* RGBGuessGame */ = {
			isa = PBXNativeTarget;
			buildConfigurationList = BC5A842A2E460AE2008C7792 /* Build configuration list for PBXNativeTarget "RGBGuessGame" */;
			buildPhases = (
				BC5A84022E460ADF008C7792 /* Sources */,
				BC5A84032E460ADF008C7792 /* Frameworks */,
				BC5A84042E460ADF008C7792 /* Resources */,
			);
			buildRules = (
			);
			dependencies = (
			);
			fileSystemSynchronizedGroups = (
				BC5A84082E460ADF008C7792 /* RGBGuessGame */,
			);
			name = RGBGuessGame;
			packageProductDependencies = (
			);
			productName = RGBGuessGame;
			productReference = BC5A84062E460ADF008C7792 /* RGBGuessGame.app */;
			productType = "com.apple.product-type.application";
		};
		BC5A84152E460AE2008C7792 /* RGBGuessGameTests */ = {
			isa = PBXNativeTarget;
			buildConfigurationList = BC5A842D2E460AE2008C7792 /* Build configuration list for PBXNativeTarget "RGBGuessGameTests" */;
			buildPhases = (
				BC5A84122E460AE2008C7792 /* Sources */,
				BC5A84132E460AE2008C7792 /* Frameworks */,
				BC5A84142E460AE2008C7792 /* Resources */,
			);
			buildRules = (
			);
			dependencies = (
				BC5A84182E460AE2008C7792 /* PBXTargetDependency */,
			);
			fileSystemSynchronizedGroups = (
				BC5A84192E460AE2008C7792 /* RGBGuessGameTests */,
			);
			name = RGBGuessGameTests;
			packageProductDependencies = (
			);
			productName = RGBGuessGameTests;
			productReference = BC5A84162E460AE2008C7792 /* RGBGuessGameTests.xctest */;
			productType = "com.apple.product-type.bundle.unit-test";
		};
		BC5A841F2E460AE2008C7792 /* RGBGuessGameUITests */ = {
			isa = PBXNativeTarget;
			buildConfigurationList = BC5A84302E460AE2008C7792 /* Build configuration list for PBXNativeTarget "RGBGuessGameUITests" */;
			buildPhases = (
				BC5A841C2E460AE2008C7792 /* Sources */,
				BC5A841D2E460AE2008C7792 /* Frameworks */,
				BC5A841E2E460AE2008C7792 /* Resources */,
			);
			buildRules = (
			);
			dependencies = (
				BC5A84222E460AE2008C7792 /* PBXTargetDependency */,
			);
			fileSystemSynchronizedGroups = (
				BC5A84232E460AE2008C7792 /* RGBGuessGameUITests */,
			);
			name = RGBGuessGameUITests;
			packageProductDependencies = (
			);
			productName = RGBGuessGameUITests;
			productReference = BC5A84202E460AE2008C7792 /* RGBGuessGameUITests.xctest */;
			productType = "com.apple.product-type.bundle.ui-testing";
		};
/* End PBXNativeTarget section */

/* Begin PBXProject section */
		BC5A83FE2E460ADF008C7792 /* Project object */ = {
			isa = PBXProject;
			attributes = {
				BuildIndependentTargetsInParallel = 1;
				LastSwiftUpdateCheck = 1610;
				LastUpgradeCheck = 1610;
				TargetAttributes = {
					BC5A84052E460ADF008C7792 = {
						CreatedOnToolsVersion = 16.1;
					};
					BC5A84152E460AE2008C7792 = {
						CreatedOnToolsVersion = 16.1;
						TestTargetID = BC5A84052E460ADF008C7792;
					};
					BC5A841F2E460AE2008C7792 = {
						CreatedOnToolsVersion = 16.1;
						TestTargetID = BC5A84052E460ADF008C7792;
					};
				};
			};
			buildConfigurationList = BC5A84012E460ADF008C7792 /* Build configuration list for PBXProject "RGBGuessGame" */;
			developmentRegion = en;
			hasScannedForEncodings = 0;
			knownRegions = (
				en,
				Base,
			);
			mainGroup = BC5A83FD2E460ADF008C7792;
			minimizedProjectReferenceProxies = 1;
			preferredProjectObjectVersion = 77;
			productRefGroup = BC5A84072E460ADF008C7792 /* Products */;
			projectDirPath = "";
			projectRoot = "";
			targets = (
				BC5A84052E460ADF008C7792 /* RGBGuessGame */,
				BC5A84152E460AE2008C7792 /* RGBGuessGameTests */,
				BC5A841F2E460AE2008C7792 /* RGBGuessGameUITests */,
			);
		};
/* End PBXProject section */

/* Begin PBXResourcesBuildPhase section */
		BC5A84042E460ADF008C7792 /* Resources */ = {
			isa = PBXResourcesBuildPhase;
			buildActionMask = 2147483647;
			files = (
			);
			runOnlyForDeploymentPostprocessing = 0;
		};
		BC5A84142E460AE2008C7792 /* Resources */ = {
			isa = PBXResourcesBuildPhase;
			buildActionMask = 2147483647;
			files = (
			);
			runOnlyForDeploymentPostprocessing = 0;
		};
		BC5A841E2E460AE2008C7792 /* Resources */ = {
			isa = PBXResourcesBuildPhase;
			buildActionMask = 2147483647;
			files = (
			);
			runOnlyForDeploymentPostprocessing = 0;
		};
/* End PBXResourcesBuildPhase section */

/* Begin PBXSourcesBuildPhase section */
		BC5A84022E460ADF008C7792 /* Sources */ = {
			isa = PBXSourcesBuildPhase;
			buildActionMask = 2147483647;
			files = (
			);
			runOnlyForDeploymentPostprocessing = 0;
		};
		BC5A84122E460AE2008C7792 /* Sources */ = {
			isa = PBXSourcesBuildPhase;
			buildActionMask = 2147483647;
			files = (
			);
			runOnlyForDeploymentPostprocessing = 0;
		};
		BC5A841C2E460AE2008C7792 /* Sources */ = {
			isa = PBXSourcesBuildPhase;
			buildActionMask = 2147483647;
			files = (
			);
			runOnlyForDeploymentPostprocessing = 0;
		};
/* End PBXSourcesBuildPhase section */

/* Begin PBXTargetDependency section */
		BC5A84182E460AE2008C7792 /* PBXTargetDependency */ = {
			isa = PBXTargetDependency;
			target = BC5A84052E460ADF008C7792 /* RGBGuessGame */;
			targetProxy = BC5A84172E460AE2008C7792 /* PBXContainerItemProxy */;
		};
		BC5A84222E460AE2008C7792 /* PBXTargetDependency */ = {
			isa = PBXTargetDependency;
			target = BC5A84052E460ADF008C7792 /* RGBGuessGame */;
			targetProxy = BC5A84212E460AE2008C7792 /* PBXContainerItemProxy */;
		};
/* End PBXTargetDependency section */

/* Begin XCBuildConfiguration section */
		BC5A84282E460AE2008C7792 /* Debug */ = {
			isa = XCBuildConfiguration;
			buildSettings = {
				ALWAYS_SEARCH_USER_PATHS = NO;
				ASSETCATALOG_COMPILER_GENERATE_SWIFT_ASSET_SYMBOL_EXTENSIONS = YES;
				CLANG_ANALYZER_NONNULL = YES;
				CLANG_ANALYZER_NUMBER_OBJECT_CONVERSION = YES_AGGRESSIVE;
				CLANG_CXX_LANGUAGE_STANDARD = "gnu++20";
				CLANG_ENABLE_MODULES = YES;
				CLANG_ENABLE_OBJC_ARC = YES;
				CLANG_ENABLE_OBJC_WEAK = YES;
				CLANG_WARN_BLOCK_CAPTURE_AUTORELEASING = YES;
				CLANG_WARN_BOOL_CONVERSION = YES;
				CLANG_WARN_COMMA = YES;
				CLANG_WARN_CONSTANT_CONVERSION = YES;
				CLANG_WARN_DEPRECATED_OBJC_IMPLEMENTATIONS = YES;
				CLANG_WARN_DIRECT_OBJC_ISA_USAGE = YES_ERROR;
				CLANG_WARN_DOCUMENTATION_COMMENTS = YES;
				CLANG_WARN_EMPTY_BODY = YES;
				CLANG_WARN_ENUM_CONVERSION = YES;
				CLANG_WARN_INFINITE_RECURSION = YES;
				CLANG_WARN_INT_CONVERSION = YES;
				CLANG_WARN_NON_LITERAL_NULL_CONVERSION = YES;
				CLANG_WARN_OBJC_IMPLICIT_RETAIN_SELF = YES;
				CLANG_WARN_OBJC_LITERAL_CONVERSION = YES;
				CLANG_WARN_OBJC_ROOT_CLASS = YES_ERROR;
				CLANG_WARN_QUOTED_INCLUDE_IN_FRAMEWORK_HEADER = YES;
				CLANG_WARN_RANGE_LOOP_ANALYSIS = YES;
				CLANG_WARN_STRICT_PROTOTYPES = YES;
				CLANG_WARN_SUSPICIOUS_MOVE = YES;
				CLANG_WARN_UNGUARDED_AVAILABILITY = YES_AGGRESSIVE;
				CLANG_WARN_UNREACHABLE_CODE = YES;
				CLANG_WARN__DUPLICATE_METHOD_MATCH = YES;
				COPY_PHASE_STRIP = NO;
				DEBUG_INFORMATION_FORMAT = dwarf;
				ENABLE_STRICT_OBJC_MSGSEND = YES;
				ENABLE_TESTABILITY = YES;
				ENABLE_USER_SCRIPT_SANDBOXING = YES;
				GCC_C_LANGUAGE_STANDARD = gnu17;
				GCC_DYNAMIC_NO_PIC = NO;
				GCC_NO_COMMON_BLOCKS = YES;
				GCC_OPTIMIZATION_LEVEL = 0;
				GCC_PREPROCESSOR_DEFINITIONS = (
					"DEBUG=1",
					"$(inherited)",
				);
				GCC_WARN_64_TO_32_BIT_CONVERSION = YES;
				GCC_WARN_ABOUT_RETURN_TYPE = YES_ERROR;
				GCC_WARN_UNDECLARED_SELECTOR = YES;
				GCC_WARN_UNINITIALIZED_AUTOS = YES_AGGRESSIVE;
				GCC_WARN_UNUSED_FUNCTION = YES;
				GCC_WARN_UNUSED_VARIABLE = YES;
				IPHONEOS_DEPLOYMENT_TARGET = 18.1;
				LOCALIZATION_PREFERS_STRING_CATALOGS = YES;
				MTL_ENABLE_DEBUG_INFO = INCLUDE_SOURCE;
				MTL_FAST_MATH = YES;
				ONLY_ACTIVE_ARCH = YES;
				SDKROOT = iphoneos;
				SWIFT_ACTIVE_COMPILATION_CONDITIONS = "DEBUG $(inherited)";
				SWIFT_OPTIMIZATION_LEVEL = "-Onone";
			};
			name = Debug;
		};
		BC5A84292E460AE2008C7792 /* Release */ = {
			isa = XCBuildConfiguration;
			buildSettings = {
				ALWAYS_SEARCH_USER_PATHS = NO;
				ASSETCATALOG_COMPILER_GENERATE_SWIFT_ASSET_SYMBOL_EXTENSIONS = YES;
				CLANG_ANALYZER_NONNULL = YES;
				CLANG_ANALYZER_NUMBER_OBJECT_CONVERSION = YES_AGGRESSIVE;
				CLANG_CXX_LANGUAGE_STANDARD = "gnu++20";
				CLANG_ENABLE_MODULES = YES;
				CLANG_ENABLE_OBJC_ARC = YES;
				CLANG_ENABLE_OBJC_WEAK = YES;
				CLANG_WARN_BLOCK_CAPTURE_AUTORELEASING = YES;
				CLANG_WARN_BOOL_CONVERSION = YES;
				CLANG_WARN_COMMA = YES;
				CLANG_WARN_CONSTANT_CONVERSION = YES;
				CLANG_WARN_DEPRECATED_OBJC_IMPLEMENTATIONS = YES;
				CLANG_WARN_DIRECT_OBJC_ISA_USAGE = YES_ERROR;
				CLANG_WARN_DOCUMENTATION_COMMENTS = YES;
				CLANG_WARN_EMPTY_BODY = YES;
				CLANG_WARN_ENUM_CONVERSION = YES;
				CLANG_WARN_INFINITE_RECURSION = YES;
				CLANG_WARN_INT_CONVERSION = YES;
				CLANG_WARN_NON_LITERAL_NULL_CONVERSION = YES;
				CLANG_WARN_OBJC_IMPLICIT_RETAIN_SELF = YES;
				CLANG_WARN_OBJC_LITERAL_CONVERSION = YES;
				CLANG_WARN_OBJC_ROOT_CLASS = YES_ERROR;
				CLANG_WARN_QUOTED_INCLUDE_IN_FRAMEWORK_HEADER = YES;
				CLANG_WARN_RANGE_LOOP_ANALYSIS = YES;
				CLANG_WARN_STRICT_PROTOTYPES = YES;
				CLANG_WARN_SUSPICIOUS_MOVE = YES;
				CLANG_WARN_UNGUARDED_AVAILABILITY = YES_AGGRESSIVE;
				CLANG_WARN_UNREACHABLE_CODE = YES;
				CLANG_WARN__DUPLICATE_METHOD_MATCH = YES;
				COPY_PHASE_STRIP = NO;
				DEBUG_INFORMATION_FORMAT = "dwarf-with-dsym";
				ENABLE_NS_ASSERTIONS = NO;
				ENABLE_STRICT_OBJC_MSGSEND = YES;
				ENABLE_USER_SCRIPT_SANDBOXING = YES;
				GCC_C_LANGUAGE_STANDARD = gnu17;
				GCC_NO_COMMON_BLOCKS = YES;
				GCC_WARN_64_TO_32_BIT_CONVERSION = YES;
				GCC_WARN_ABOUT_RETURN_TYPE = YES_ERROR;
				GCC_WARN_UNDECLARED_SELECTOR = YES;
				GCC_WARN_UNINITIALIZED_AUTOS = YES_AGGRESSIVE;
				GCC_WARN_UNUSED_FUNCTION = YES;
				GCC_WARN_UNUSED_VARIABLE = YES;
				IPHONEOS_DEPLOYMENT_TARGET = 18.1;
				LOCALIZATION_PREFERS_STRING_CATALOGS = YES;
				MTL_ENABLE_DEBUG_INFO = NO;
				MTL_FAST_MATH = YES;
				SDKROOT = iphoneos;
				SWIFT_COMPILATION_MODE = wholemodule;
				VALIDATE_PRODUCT = YES;
			};
			name = Release;
		};
		BC5A842B2E460AE2008C7792 /* Debug */ = {
			isa = XCBuildConfiguration;
			buildSettings = {
				ASSETCATALOG_COMPILER_APPICON_NAME = AppIcon;
				ASSETCATALOG_COMPILER_GLOBAL_ACCENT_COLOR_NAME = AccentColor;
				CODE_SIGN_STYLE = Automatic;
				CURRENT_PROJECT_VERSION = 1;
				DEVELOPMENT_ASSET_PATHS = "\"RGBGuessGame/Preview Content\"";
				ENABLE_PREVIEWS = YES;
				GENERATE_INFOPLIST_FILE = YES;
				INFOPLIST_KEY_UIApplicationSceneManifest_Generation = YES;
				INFOPLIST_KEY_UIApplicationSupportsIndirectInputEvents = YES;
				INFOPLIST_KEY_UILaunchScreen_Generation = YES;
				INFOPLIST_KEY_UISupportedInterfaceOrientations_iPad = "UIInterfaceOrientationPortrait UIInterfaceOrientationPortraitUpsideDown UIInterfaceOrientationLandscapeLeft UIInterfaceOrientationLandscapeRight";
				INFOPLIST_KEY_UISupportedInterfaceOrientations_iPhone = "UIInterfaceOrientationPortrait UIInterfaceOrientationLandscapeLeft UIInterfaceOrientationLandscapeRight";
				LD_RUNPATH_SEARCH_PATHS = (
					"$(inherited)",
					"@executable_path/Frameworks",
				);
				MARKETING_VERSION = 1.0;
				PRODUCT_BUNDLE_IDENTIFIER = com.kenneth.RGBGuessGame;
				PRODUCT_NAME = "$(TARGET_NAME)";
				SWIFT_EMIT_LOC_STRINGS = YES;
				SWIFT_VERSION = 5.0;
				TARGETED_DEVICE_FAMILY = "1,2";
			};
			name = Debug;
		};
		BC5A842C2E460AE2008C7792 /* Release */ = {
			isa = XCBuildConfiguration;
			buildSettings = {
				ASSETCATALOG_COMPILER_APPICON_NAME = AppIcon;
				ASSETCATALOG_COMPILER_GLOBAL_ACCENT_COLOR_NAME = AccentColor;
				CODE_SIGN_STYLE = Automatic;
				CURRENT_PROJECT_VERSION = 1;
				DEVELOPMENT_ASSET_PATHS = "\"RGBGuessGame/Preview Content\"";
				ENABLE_PREVIEWS = YES;
				GENERATE_INFOPLIST_FILE = YES;
				INFOPLIST_KEY_UIApplicationSceneManifest_Generation = YES;
				INFOPLIST_KEY_UIApplicationSupportsIndirectInputEvents = YES;
				INFOPLIST_KEY_UILaunchScreen_Generation = YES;
				INFOPLIST_KEY_UISupportedInterfaceOrientations_iPad = "UIInterfaceOrientationPortrait UIInterfaceOrientationPortraitUpsideDown UIInterfaceOrientationLandscapeLeft UIInterfaceOrientationLandscapeRight";
				INFOPLIST_KEY_UISupportedInterfaceOrientations_iPhone = "UIInterfaceOrientationPortrait UIInterfaceOrientationLandscapeLeft UIInterfaceOrientationLandscapeRight";
				LD_RUNPATH_SEARCH_PATHS = (
					"$(inherited)",
					"@executable_path/Frameworks",
				);
				MARKETING_VERSION = 1.0;
				PRODUCT_BUNDLE_IDENTIFIER = com.kenneth.RGBGuessGame;
				PRODUCT_NAME = "$(TARGET_NAME)";
				SWIFT_EMIT_LOC_STRINGS = YES;
				SWIFT_VERSION = 5.0;
				TARGETED_DEVICE_FAMILY = "1,2";
			};
			name = Release;
		};
		BC5A842E2E460AE2008C7792 /* Debug */ = {
			isa = XCBuildConfiguration;
			buildSettings = {
				BUNDLE_LOADER = "$(TEST_HOST)";
				CODE_SIGN_STYLE = Automatic;
				CURRENT_PROJECT_VERSION = 1;
				GENERATE_INFOPLIST_FILE = YES;
				IPHONEOS_DEPLOYMENT_TARGET = 18.1;
				MARKETING_VERSION = 1.0;
				PRODUCT_BUNDLE_IDENTIFIER = com.kenneth.RGBGuessGameTests;
				PRODUCT_NAME = "$(TARGET_NAME)";
				SWIFT_EMIT_LOC_STRINGS = NO;
				SWIFT_VERSION = 5.0;
				TARGETED_DEVICE_FAMILY = "1,2";
				TEST_HOST = "$(BUILT_PRODUCTS_DIR)/RGBGuessGame.app/$(BUNDLE_EXECUTABLE_FOLDER_PATH)/RGBGuessGame";
			};
			name = Debug;
		};
		BC5A842F2E460AE2008C7792 /* Release */ = {
			isa = XCBuildConfiguration;
			buildSettings = {
				BUNDLE_LOADER = "$(TEST_HOST)";
				CODE_SIGN_STYLE = Automatic;
				CURRENT_PROJECT_VERSION = 1;
				GENERATE_INFOPLIST_FILE = YES;
				IPHONEOS_DEPLOYMENT_TARGET = 18.1;
				MARKETING_VERSION = 1.0;
				PRODUCT_BUNDLE_IDENTIFIER = com.kenneth.RGBGuessGameTests;
				PRODUCT_NAME = "$(TARGET_NAME)";
				SWIFT_EMIT_LOC_STRINGS = NO;
				SWIFT_VERSION = 5.0;
				TARGETED_DEVICE_FAMILY = "1,2";
				TEST_HOST = "$(BUILT_PRODUCTS_DIR)/RGBGuessGame.app/$(BUNDLE_EXECUTABLE_FOLDER_PATH)/RGBGuessGame";
			};
			name = Release;
		};
		BC5A84312E460AE2008C7792 /* Debug */ = {
			isa = XCBuildConfiguration;
			buildSettings = {
				CODE_SIGN_STYLE = Automatic;
				CURRENT_PROJECT_VERSION = 1;
				GENERATE_INFOPLIST_FILE = YES;
				MARKETING_VERSION = 1.0;
				PRODUCT_BUNDLE_IDENTIFIER = com.kenneth.RGBGuessGameUITests;
				PRODUCT_NAME = "$(TARGET_NAME)";
				SWIFT_EMIT_LOC_STRINGS = NO;
				SWIFT_VERSION = 5.0;
				TARGETED_DEVICE_FAMILY = "1,2";
				TEST_TARGET_NAME = RGBGuessGame;
			};
			name = Debug;
		};
		BC5A84322E460AE2008C7792 /* Release */ = {
			isa = XCBuildConfiguration;
			buildSettings = {
				CODE_SIGN_STYLE = Automatic;
				CURRENT_PROJECT_VERSION = 1;
				GENERATE_INFOPLIST_FILE = YES;
				MARKETING_VERSION = 1.0;
				PRODUCT_BUNDLE_IDENTIFIER = com.kenneth.RGBGuessGameUITests;
				PRODUCT_NAME = "$(TARGET_NAME)";
				SWIFT_EMIT_LOC_STRINGS = NO;
				SWIFT_VERSION = 5.0;
				TARGETED_DEVICE_FAMILY = "1,2";
				TEST_TARGET_NAME = RGBGuessGame;
			};
			name = Release;
		};
/* End XCBuildConfiguration section */

/* Begin XCConfigurationList section */
		BC5A84012E460ADF008C7792 /* Build configuration list for PBXProject "RGBGuessGame" */ = {
			isa = XCConfigurationList;
			buildConfigurations = (
				BC5A84282E460AE2008C7792 /* Debug */,
				BC5A84292E460AE2008C7792 /* Release */,
			);
			defaultConfigurationIsVisible = 0;
			defaultConfigurationName = Release;
		};
		BC5A842A2E460AE2008C7792 /* Build configuration list for PBXNativeTarget "RGBGuessGame" */ = {
			isa = XCConfigurationList;
			buildConfigurations = (
				BC5A842B2E460AE2008C7792 /* Debug */,
				BC5A842C2E460AE2008C7792 /* Release */,
			);
			defaultConfigurationIsVisible = 0;
			defaultConfigurationName = Release;
		};
		BC5A842D2E460AE2008C7792 /* Build configuration list for PBXNativeTarget "RGBGuessGameTests" */ = {
			isa = XCConfigurationList;
			buildConfigurations = (
				BC5A842E2E460AE2008C7792 /* Debug */,
				BC5A842F2E460AE2008C7792 /* Release */,
			);
			defaultConfigurationIsVisible = 0;
			defaultConfigurationName = Release;
		};
		BC5A84302E460AE2008C7792 /* Build configuration list for PBXNativeTarget "RGBGuessGameUITests" */ = {
			isa = XCConfigurationList;
			buildConfigurations = (
				BC5A84312E460AE2008C7792 /* Debug */,
				BC5A84322E460AE2008C7792 /* Release */,
			);
			defaultConfigurationIsVisible = 0;
			defaultConfigurationName = Release;
		};
/* End XCConfigurationList section */
	};
	rootObject = BC5A83FE2E460ADF008C7792 /* Project object */;
}
